schema: '2.0'
stages:
  load_data:
    cmd: cp D:/Books/DatasetsForML/Housing/dataset.csv D:/Git_Projects/DVC_project/data/raw/dataset.csv
    deps:
    - path: D:/Books/DatasetsForML/Housing/dataset.csv
      md5: ec3b2078a844be6db27829d28fa75ea6
      size: 1303968
    outs:
    - path: data\raw\dataset.csv
      md5: ec3b2078a844be6db27829d28fa75ea6
      size: 1303968
  preprocess_data:
    cmd: python src/prepare.py data/raw/dataset.csv data/prepared
    deps:
    - path: data/raw/dataset.csv
      md5: ec3b2078a844be6db27829d28fa75ea6
      size: 1303968
    - path: src/prepare.py
      md5: 5fa88401274470b9e34bb20a24d59577
      size: 1239
    params:
      params.yaml:
        preprocess_data.seed: 42
        preprocess_data.split: 0.2
    outs:
    - path: data/prepared
      md5: ff768517eb676c2aa05d626481357785.dir
      size: 3659067
      nfiles: 2
  train:
    cmd: python src/train.py data/prepared models
    deps:
    - path: data/prepared
      md5: ff768517eb676c2aa05d626481357785.dir
      size: 3659067
      nfiles: 2
    - path: src/train.py
      md5: a328e1b0810e18d93d2c92a23ec0b27b
      size: 1016
    params:
      params.yaml:
        train.max_depth: 8
        train.n_est: 100
        train.seed: 42
    outs:
    - path: models
      md5: ff71012b46d190526b2e46ed9c9dfa8c.dir
      size: 2963978
      nfiles: 1
  evaluate:
    cmd: python src/evaluate.py models/model.pkl data/prepared
    deps:
    - path: data/prepared
      md5: ff768517eb676c2aa05d626481357785.dir
      size: 3659067
      nfiles: 2
    - path: models/model.pkl
      md5: e856101b1239a3d0d59a6b80e176dde0
      size: 2963978
    - path: src/evaluate.py
      md5: 5ae89deba46fa658c801e6153734bdc2
      size: 1366
    outs:
    - path: eval/live/metrics.json
      md5: 882da32cd4e0a6b464c8afcc811c4e62
      size: 392
